
Microsoft Visual Studio Solution File, Format Version 12.00
# Visual Studio Version 16
VisualStudioVersion = 16.0.31624.102
MinimumVisualStudioVersion = 10.0.40219.1
Project("{F2A71F9B-5D33-465A-A702-920D77279786}") = "GeoLocationSPA", "GeoLocationSPA\GeoLocationSPA.fsproj", "{FFEDA725-6F6A-4630-BAF3-738067EDAF98}"
EndProject
Project("{FAE04EC0-301F-11D3-BF4B-00C04F79EFBC}") = "GeoLocationSPA_WebApi", "GeoLocationSPA_WebApi\GeoLocationSPA_WebApi.csproj", "{938C35AC-54C8-49BC-BBD7-3AD43FEDFC2D}"
EndProject
Global
	GlobalSection(SolutionConfigurationPlatforms) = preSolution
		Debug|Any CPU = Debug|Any CPU
		Release|Any CPU = Release|Any CPU
	EndGlobalSection
	GlobalSection(ProjectConfigurationPlatforms) = postSolution
		{FFEDA725-6F6A-4630-BAF3-738067EDAF98}.Debug|Any CPU.ActiveCfg = Debug|Any CPU
		{FFEDA725-6F6A-4630-BAF3-738067EDAF98}.Debug|Any CPU.Build.0 = Debug|Any CPU
		{FFEDA725-6F6A-4630-BAF3-738067EDAF98}.Release|Any CPU.ActiveCfg = Release|Any CPU
		{FFEDA725-6F6A-4630-BAF3-738067EDAF98}.Release|Any CPU.Build.0 = Release|Any CPU
		{938C35AC-54C8-49BC-BBD7-3AD43FEDFC2D}.Debug|Any CPU.ActiveCfg = Debug|Any CPU
		{938C35AC-54C8-49BC-BBD7-3AD43FEDFC2D}.Debug|Any CPU.Build.0 = Debug|Any CPU
		{938C35AC-54C8-49BC-BBD7-3AD43FEDFC2D}.Release|Any CPU.ActiveCfg = Release|Any CPU
		{938C35AC-54C8-49BC-BBD7-3AD43FEDFC2D}.Release|Any CPU.Build.0 = Release|Any CPU
	EndGlobalSection
	GlobalSection(SolutionProperties) = preSolution
		HideSolutionNode = FALSE
	EndGlobalSection
	GlobalSection(ExtensibilityGlobals) = postSolution
		SolutionGuid = {1FE33AD5-D09A-42D4-999B-3BEC0EDE77E2}
	EndGlobalSection
EndGlobal
